%{"bunt": {:hex, :bunt, "0.2.0", "951c6e801e8b1d2cbe58ebbd3e616a869061ddadcc4863d0a2182541acae9a38", [:mix], []},
  "certifi": {:hex, :certifi, "1.1.0", "c9b71a547016c2528a590ccfc28de786c7edb74aafa17446b84f54e04efc00ee", [:rebar3], []},
  "credo": {:hex, :credo, "0.6.1", "a941e2591bd2bd2055dc92b810c174650b40b8290459c89a835af9d59ac4a5f8", [:mix], [{:bunt, "~> 0.2.0", [hex: :bunt, optional: false]}]},
  "earmark": {:hex, :earmark, "0.2.1", "ba6d26ceb16106d069b289df66751734802777a3cbb6787026dd800ffeb850f3", [:mix], []},
  "ex_doc": {:hex, :ex_doc, "0.12.0", "b774aabfede4af31c0301aece12371cbd25995a21bb3d71d66f5c2fe074c603f", [:mix], [{:earmark, "~> 0.2", [hex: :earmark, optional: false]}]},
  "hackney": {:hex, :hackney, "1.8.0", "8388a22f4e7eb04d171f2cf0285b217410f266d6c13a4c397a6c22ab823a486c", [:rebar3], [{:certifi, "1.1.0", [hex: :certifi, optional: false]}, {:idna, "4.0.0", [hex: :idna, optional: false]}, {:metrics, "1.0.1", [hex: :metrics, optional: false]}, {:mimerl, "1.0.2", [hex: :mimerl, optional: false]}, {:ssl_verify_fun, "1.1.1", [hex: :ssl_verify_fun, optional: false]}]},
  "httpoison": {:hex, :httpoison, "0.11.2", "9e59f17a473ef6948f63c51db07320477bad8ba88cf1df60a3eee01150306665", [:mix], [{:hackney, "~> 1.8.0", [hex: :hackney, optional: false]}]},
  "idna": {:hex, :idna, "4.0.0", "10aaa9f79d0b12cf0def53038547855b91144f1bfcc0ec73494f38bb7b9c4961", [:rebar3], []},
  "metrics": {:hex, :metrics, "1.0.1", "25f094dea2cda98213cecc3aeff09e940299d950904393b2a29d191c346a8486", [:rebar3], []},
  "mimerl": {:hex, :mimerl, "1.0.2", "993f9b0e084083405ed8252b99460c4f0563e41729ab42d9074fd5e52439be88", [:rebar3], []},
  "pact": {:hex, :pact, "0.2.0"},
  "poison": {:hex, :poison, "3.1.0", "d9eb636610e096f86f25d9a46f35a9facac35609a7591b3be3326e99a0484665", [:mix], []},
  "socket": {:git, "git://github.com/meh/elixir-socket.git", "ec03c935565dbe4708d6b594ef57d6de17a93592", []},
  "ssl_verify_fun": {:hex, :ssl_verify_fun, "1.1.1", "28a4d65b7f59893bc2c7de786dec1e1555bd742d336043fe644ae956c3497fbe", [:make, :rebar], []},
  "ssl_verify_hostname": {:hex, :ssl_verify_hostname, "1.0.5", "2e73e068cd6393526f9fa6d399353d7c9477d6886ba005f323b592d389fb47be", [:make], []},
  "websocket_client": {:hex, :websocket_client, "1.1.0", "c1ac9162a2286d3ca747417b1717090e762becba1f9f0bde359cb0318b066636", [:rebar3], []}}
